
Microsoft Visual Studio Solution File, Format Version 12.00
# Visual Studio 2012
Project("{2150E333-8FDC-42A3-9474-1A3956D46DE8}") = "SolutionItems", "SolutionItems", "{0DA001DF-EBEC-49AE-9EED-36EDB38C3FD8}"
EndProject
Project("{FAE04EC0-301F-11D3-BF4B-00C04F79EFBC}") = "SpecificationPattern", "SpecificationPattern\SpecificationPattern.csproj", "{D028C35E-C2C1-443E-A611-505E41FA72FA}"
EndProject
Project("{FAE04EC0-301F-11D3-BF4B-00C04F79EFBC}") = "BuilderPattern", "BuilderPattern\BuilderPattern.csproj", "{B899EDAC-448F-49C7-8681-46990D4B0159}"
EndProject
Project("{FAE04EC0-301F-11D3-BF4B-00C04F79EFBC}") = "CodePatterns", "CodePatterns\CodePatterns.csproj", "{124018E9-5AC0-4EF8-8C59-119AB7C88C2B}"
EndProject
Project("{FAE04EC0-301F-11D3-BF4B-00C04F79EFBC}") = "FactoryPattern", "FactoryPattern\FactoryPattern.csproj", "{C3FDE913-4637-4080-9C65-E928E60ADC1F}"
EndProject
Project("{FAE04EC0-301F-11D3-BF4B-00C04F79EFBC}") = "StrategyPattern", "StrategyPattern\StrategyPattern.csproj", "{1095D3AC-285D-4D3B-9758-5EBD0CFDBD67}"
EndProject
Project("{FAE04EC0-301F-11D3-BF4B-00C04F79EFBC}") = "AdapterPattern", "AdapterPattern\AdapterPattern.csproj", "{09236E51-75A9-4611-AFAD-0F210269D541}"
EndProject
Project("{FAE04EC0-301F-11D3-BF4B-00C04F79EFBC}") = "QueryServices", "QueryServices\QueryServices.csproj", "{1EE3DDA6-82D6-4072-8D28-3B4CE3A971CE}"
EndProject
Project("{FAE04EC0-301F-11D3-BF4B-00C04F79EFBC}") = "Angular", "Angular\Angular.csproj", "{EC3ECC91-9262-4D72-88FF-9FB261E42EFD}"
EndProject
Global
	GlobalSection(SolutionConfigurationPlatforms) = preSolution
		Debug|Any CPU = Debug|Any CPU
		Release|Any CPU = Release|Any CPU
	EndGlobalSection
	GlobalSection(ProjectConfigurationPlatforms) = postSolution
		{D028C35E-C2C1-443E-A611-505E41FA72FA}.Debug|Any CPU.ActiveCfg = Debug|Any CPU
		{D028C35E-C2C1-443E-A611-505E41FA72FA}.Debug|Any CPU.Build.0 = Debug|Any CPU
		{D028C35E-C2C1-443E-A611-505E41FA72FA}.Release|Any CPU.ActiveCfg = Release|Any CPU
		{D028C35E-C2C1-443E-A611-505E41FA72FA}.Release|Any CPU.Build.0 = Release|Any CPU
		{B899EDAC-448F-49C7-8681-46990D4B0159}.Debug|Any CPU.ActiveCfg = Debug|Any CPU
		{B899EDAC-448F-49C7-8681-46990D4B0159}.Debug|Any CPU.Build.0 = Debug|Any CPU
		{B899EDAC-448F-49C7-8681-46990D4B0159}.Release|Any CPU.ActiveCfg = Release|Any CPU
		{B899EDAC-448F-49C7-8681-46990D4B0159}.Release|Any CPU.Build.0 = Release|Any CPU
		{124018E9-5AC0-4EF8-8C59-119AB7C88C2B}.Debug|Any CPU.ActiveCfg = Debug|Any CPU
		{124018E9-5AC0-4EF8-8C59-119AB7C88C2B}.Debug|Any CPU.Build.0 = Debug|Any CPU
		{124018E9-5AC0-4EF8-8C59-119AB7C88C2B}.Release|Any CPU.ActiveCfg = Release|Any CPU
		{124018E9-5AC0-4EF8-8C59-119AB7C88C2B}.Release|Any CPU.Build.0 = Release|Any CPU
		{C3FDE913-4637-4080-9C65-E928E60ADC1F}.Debug|Any CPU.ActiveCfg = Debug|Any CPU
		{C3FDE913-4637-4080-9C65-E928E60ADC1F}.Debug|Any CPU.Build.0 = Debug|Any CPU
		{C3FDE913-4637-4080-9C65-E928E60ADC1F}.Release|Any CPU.ActiveCfg = Release|Any CPU
		{C3FDE913-4637-4080-9C65-E928E60ADC1F}.Release|Any CPU.Build.0 = Release|Any CPU
		{1095D3AC-285D-4D3B-9758-5EBD0CFDBD67}.Debug|Any CPU.ActiveCfg = Debug|Any CPU
		{1095D3AC-285D-4D3B-9758-5EBD0CFDBD67}.Debug|Any CPU.Build.0 = Debug|Any CPU
		{1095D3AC-285D-4D3B-9758-5EBD0CFDBD67}.Release|Any CPU.ActiveCfg = Release|Any CPU
		{1095D3AC-285D-4D3B-9758-5EBD0CFDBD67}.Release|Any CPU.Build.0 = Release|Any CPU
		{09236E51-75A9-4611-AFAD-0F210269D541}.Debug|Any CPU.ActiveCfg = Debug|Any CPU
		{09236E51-75A9-4611-AFAD-0F210269D541}.Debug|Any CPU.Build.0 = Debug|Any CPU
		{09236E51-75A9-4611-AFAD-0F210269D541}.Release|Any CPU.ActiveCfg = Release|Any CPU
		{09236E51-75A9-4611-AFAD-0F210269D541}.Release|Any CPU.Build.0 = Release|Any CPU
		{1EE3DDA6-82D6-4072-8D28-3B4CE3A971CE}.Debug|Any CPU.ActiveCfg = Debug|Any CPU
		{1EE3DDA6-82D6-4072-8D28-3B4CE3A971CE}.Debug|Any CPU.Build.0 = Debug|Any CPU
		{1EE3DDA6-82D6-4072-8D28-3B4CE3A971CE}.Release|Any CPU.ActiveCfg = Release|Any CPU
		{1EE3DDA6-82D6-4072-8D28-3B4CE3A971CE}.Release|Any CPU.Build.0 = Release|Any CPU
		{EC3ECC91-9262-4D72-88FF-9FB261E42EFD}.Debug|Any CPU.ActiveCfg = Debug|Any CPU
		{EC3ECC91-9262-4D72-88FF-9FB261E42EFD}.Debug|Any CPU.Build.0 = Debug|Any CPU
		{EC3ECC91-9262-4D72-88FF-9FB261E42EFD}.Release|Any CPU.ActiveCfg = Release|Any CPU
		{EC3ECC91-9262-4D72-88FF-9FB261E42EFD}.Release|Any CPU.Build.0 = Release|Any CPU
	EndGlobalSection
	GlobalSection(SolutionProperties) = preSolution
		HideSolutionNode = FALSE
	EndGlobalSection
EndGlobal
